
Microsoft Visual Studio Solution File, Format Version 12.00
# Visual Studio Version 17
VisualStudioVersion = 17.5.33516.290
MinimumVisualStudioVersion = 10.0.40219.1
Project("{FAE04EC0-301F-11D3-BF4B-00C04F79EFBC}") = "AutoClicker", "AutoClicker\AutoClicker.csproj", "{A291EB81-037F-4C85-A154-D293D20889EB}"
EndProject
Global
	GlobalSection(SolutionConfigurationPlatforms) = preSolution
		Debug|Any CPU = Debug|Any CPU
		Release|Any CPU = Release|Any CPU
	EndGlobalSection
	GlobalSection(ProjectConfigurationPlatforms) = postSolution
		{A291EB81-037F-4C85-A154-D293D20889EB}.Debug|Any CPU.ActiveCfg = Debug|Any CPU
		{A291EB81-037F-4C85-A154-D293D20889EB}.Debug|Any CPU.Build.0 = Debug|Any CPU
		{A291EB81-037F-4C85-A154-D293D20889EB}.Release|Any CPU.ActiveCfg = Release|Any CPU
		{A291EB81-037F-4C85-A154-D293D20889EB}.Release|Any CPU.Build.0 = Release|Any CPU
	EndGlobalSection
	GlobalSection(SolutionProperties) = preSolution
		HideSolutionNode = FALSE
	EndGlobalSection
	GlobalSection(ExtensibilityGlobals) = postSolution
		SolutionGuid = {3111918A-6B01-4252-8356-2FE3199B54CE}
	EndGlobalSection
EndGlobal
